// !$*UTF8*$!
{
	archiveVersion = 1;
	classes = {
	};
	objectVersion = 46;
	objects = {

/* Begin PBXBuildFile section */
		B6268D801EB31BD400BA094D /* Hotel.swift in Sources */ = {isa = PBXBuildFile; fileRef = B6268D7F1EB31BD300BA094D /* Hotel.swift */; };
		B6268D841EB361EE00BA094D /* Configuracion.plist in Resources */ = {isa = PBXBuildFile; fileRef = B6268D831EB361EE00BA094D /* Configuracion.plist */; };
		B632FC7A1EB86AC7008FA8DC /* VCverPDF.swift in Sources */ = {isa = PBXBuildFile; fileRef = B632FC791EB86AC7008FA8DC /* VCverPDF.swift */; };
		B632FC7C1EB86EC6008FA8DC /* PDF in Resources */ = {isa = PBXBuildFile; fileRef = B632FC7B1EB86EC6008FA8DC /* PDF */; };
		B6489B931EB1FCCF00836060 /* AppDelegate.swift in Sources */ = {isa = PBXBuildFile; fileRef = B6489B921EB1FCCF00836060 /* AppDelegate.swift */; };
		B6489B951EB1FCCF00836060 /* ViewController.swift in Sources */ = {isa = PBXBuildFile; fileRef = B6489B941EB1FCCF00836060 /* ViewController.swift */; };
		B6489B981EB1FCCF00836060 /* Main.storyboard in Resources */ = {isa = PBXBuildFile; fileRef = B6489B961EB1FCCF00836060 /* Main.storyboard */; };
		B6489B9A1EB1FCCF00836060 /* Assets.xcassets in Resources */ = {isa = PBXBuildFile; fileRef = B6489B991EB1FCCF00836060 /* Assets.xcassets */; };
		B6489B9D1EB1FCCF00836060 /* LaunchScreen.storyboard in Resources */ = {isa = PBXBuildFile; fileRef = B6489B9B1EB1FCCF00836060 /* LaunchScreen.storyboard */; };
		B6489BA51EB1FD6800836060 /* TVCMisReservas.swift in Sources */ = {isa = PBXBuildFile; fileRef = B6489BA41EB1FD6800836060 /* TVCMisReservas.swift */; };
		B6489BA71EB1FD9800836060 /* TVCCatalogo.swift in Sources */ = {isa = PBXBuildFile; fileRef = B6489BA61EB1FD9800836060 /* TVCCatalogo.swift */; };
		B6489BA91EB1FDD400836060 /* VCReservaDetalle.swift in Sources */ = {isa = PBXBuildFile; fileRef = B6489BA81EB1FDD400836060 /* VCReservaDetalle.swift */; };
		B6489BAB1EB1FDF500836060 /* VCFormularioReserva.swift in Sources */ = {isa = PBXBuildFile; fileRef = B6489BAA1EB1FDF400836060 /* VCFormularioReserva.swift */; };
		D27B7D1A1EB4914400E4EE9F /* Reserva.swift in Sources */ = {isa = PBXBuildFile; fileRef = D27B7D191EB4914400E4EE9F /* Reserva.swift */; };
		D27B7D1C1EB4B32500E4EE9F /* Artwork.swift in Sources */ = {isa = PBXBuildFile; fileRef = D27B7D1B1EB4B32500E4EE9F /* Artwork.swift */; };
/* End PBXBuildFile section */

/* Begin PBXFileReference section */
		B6268D7F1EB31BD300BA094D /* Hotel.swift */ = {isa = PBXFileReference; fileEncoding = 4; lastKnownFileType = sourcecode.swift; path = Hotel.swift; sourceTree = "<group>"; };
		B6268D831EB361EE00BA094D /* Configuracion.plist */ = {isa = PBXFileReference; fileEncoding = 4; lastKnownFileType = text.plist.xml; path = Configuracion.plist; sourceTree = "<group>"; };
		B632FC791EB86AC7008FA8DC /* VCverPDF.swift */ = {isa = PBXFileReference; fileEncoding = 4; lastKnownFileType = sourcecode.swift; name = VCverPDF.swift; path = ../VCverPDF.swift; sourceTree = "<group>"; };
		B632FC7B1EB86EC6008FA8DC /* PDF */ = {isa = PBXFileReference; lastKnownFileType = folder; path = PDF; sourceTree = "<group>"; };
		B6489B8F1EB1FCCF00836060 /* MiniBooking.app */ = {isa = PBXFileReference; explicitFileType = wrapper.application; includeInIndex = 0; path = MiniBooking.app; sourceTree = BUILT_PRODUCTS_DIR; };
		B6489B921EB1FCCF00836060 /* AppDelegate.swift */ = {isa = PBXFileReference; lastKnownFileType = sourcecode.swift; path = AppDelegate.swift; sourceTree = "<group>"; };
		B6489B941EB1FCCF00836060 /* ViewController.swift */ = {isa = PBXFileReference; lastKnownFileType = sourcecode.swift; path = ViewController.swift; sourceTree = "<group>"; };
		B6489B971EB1FCCF00836060 /* Base */ = {isa = PBXFileReference; lastKnownFileType = file.storyboard; name = Base; path = Base.lproj/Main.storyboard; sourceTree = "<group>"; };
		B6489B991EB1FCCF00836060 /* Assets.xcassets */ = {isa = PBXFileReference; lastKnownFileType = folder.assetcatalog; path = Assets.xcassets; sourceTree = "<group>"; };
		B6489B9C1EB1FCCF00836060 /* Base */ = {isa = PBXFileReference; lastKnownFileType = file.storyboard; name = Base; path = Base.lproj/LaunchScreen.storyboard; sourceTree = "<group>"; };
		B6489B9E1EB1FCCF00836060 /* Info.plist */ = {isa = PBXFileReference; lastKnownFileType = text.plist.xml; path = Info.plist; sourceTree = "<group>"; };
		B6489BA41EB1FD6800836060 /* TVCMisReservas.swift */ = {isa = PBXFileReference; fileEncoding = 4; lastKnownFileType = sourcecode.swift; path = TVCMisReservas.swift; sourceTree = "<group>"; };
		B6489BA61EB1FD9800836060 /* TVCCatalogo.swift */ = {isa = PBXFileReference; fileEncoding = 4; lastKnownFileType = sourcecode.swift; path = TVCCatalogo.swift; sourceTree = "<group>"; };
		B6489BA81EB1FDD400836060 /* VCReservaDetalle.swift */ = {isa = PBXFileReference; fileEncoding = 4; lastKnownFileType = sourcecode.swift; path = VCReservaDetalle.swift; sourceTree = "<group>"; };
		B6489BAA1EB1FDF400836060 /* VCFormularioReserva.swift */ = {isa = PBXFileReference; fileEncoding = 4; lastKnownFileType = sourcecode.swift; path = VCFormularioReserva.swift; sourceTree = "<group>"; };
		D27B7D191EB4914400E4EE9F /* Reserva.swift */ = {isa = PBXFileReference; fileEncoding = 4; lastKnownFileType = sourcecode.swift; path = Reserva.swift; sourceTree = "<group>"; };
		D27B7D1B1EB4B32500E4EE9F /* Artwork.swift */ = {isa = PBXFileReference; fileEncoding = 4; lastKnownFileType = sourcecode.swift; path = Artwork.swift; sourceTree = "<group>"; };
/* End PBXFileReference section */

/* Begin PBXFrameworksBuildPhase section */
		B6489B8C1EB1FCCF00836060 /* Frameworks */ = {
			isa = PBXFrameworksBuildPhase;
			buildActionMask = 2147483647;
			files = (
			);
			runOnlyForDeploymentPostprocessing = 0;
		};
/* End PBXFrameworksBuildPhase section */

/* Begin PBXGroup section */
		B6489B861EB1FCCF00836060 = {
			isa = PBXGroup;
			children = (
				B6489B911EB1FCCF00836060 /* MiniBooking */,
				B6489B901EB1FCCF00836060 /* Products */,
			);
			sourceTree = "<group>";
		};
		B6489B901EB1FCCF00836060 /* Products */ = {
			isa = PBXGroup;
			children = (
				B6489B8F1EB1FCCF00836060 /* MiniBooking.app */,
			);
			name = Products;
			sourceTree = "<group>";
		};
		B6489B911EB1FCCF00836060 /* MiniBooking */ = {
			isa = PBXGroup;
			children = (
				B6489B921EB1FCCF00836060 /* AppDelegate.swift */,
				B632FC7B1EB86EC6008FA8DC /* PDF */,
				B6489B941EB1FCCF00836060 /* ViewController.swift */,
				B632FC791EB86AC7008FA8DC /* VCverPDF.swift */,
				B6489B961EB1FCCF00836060 /* Main.storyboard */,
				B6489BA81EB1FDD400836060 /* VCReservaDetalle.swift */,
				D27B7D1B1EB4B32500E4EE9F /* Artwork.swift */,
				B6489BAA1EB1FDF400836060 /* VCFormularioReserva.swift */,
				B6268D831EB361EE00BA094D /* Configuracion.plist */,
				B6489BA61EB1FD9800836060 /* TVCCatalogo.swift */,
				B6268D7F1EB31BD300BA094D /* Hotel.swift */,
				D27B7D191EB4914400E4EE9F /* Reserva.swift */,
				B6489BA41EB1FD6800836060 /* TVCMisReservas.swift */,
				B6489B991EB1FCCF00836060 /* Assets.xcassets */,
				B6489B9B1EB1FCCF00836060 /* LaunchScreen.storyboard */,
				B6489B9E1EB1FCCF00836060 /* Info.plist */,
			);
			path = MiniBooking;
			sourceTree = "<group>";
		};
/* End PBXGroup section */

/* Begin PBXNativeTarget section */
		B6489B8E1EB1FCCF00836060 /* MiniBooking */ = {
			isa = PBXNativeTarget;
			buildConfigurationList = B6489BA11EB1FCCF00836060 /* Build configuration list for PBXNativeTarget "MiniBooking" */;
			buildPhases = (
				B6489B8B1EB1FCCF00836060 /* Sources */,
				B6489B8C1EB1FCCF00836060 /* Frameworks */,
				B6489B8D1EB1FCCF00836060 /* Resources */,
			);
			buildRules = (
			);
			dependencies = (
			);
			name = MiniBooking;
			productName = MiniBooking;
			productReference = B6489B8F1EB1FCCF00836060 /* MiniBooking.app */;
			productType = "com.apple.product-type.application";
		};
/* End PBXNativeTarget section */

/* Begin PBXProject section */
		B6489B871EB1FCCF00836060 /* Project object */ = {
			isa = PBXProject;
			attributes = {
				LastSwiftUpdateCheck = 0820;
				LastUpgradeCheck = 0820;
				ORGANIZATIONNAME = user125877;
				TargetAttributes = {
					B6489B8E1EB1FCCF00836060 = {
						CreatedOnToolsVersion = 8.2.1;
						ProvisioningStyle = Automatic;
					};
				};
			};
			buildConfigurationList = B6489B8A1EB1FCCF00836060 /* Build configuration list for PBXProject "MiniBooking" */;
			compatibilityVersion = "Xcode 3.2";
			developmentRegion = English;
			hasScannedForEncodings = 0;
			knownRegions = (
				en,
				Base,
			);
			mainGroup = B6489B861EB1FCCF00836060;
			productRefGroup = B6489B901EB1FCCF00836060 /* Products */;
			projectDirPath = "";
			projectRoot = "";
			targets = (
				B6489B8E1EB1FCCF00836060 /* MiniBooking */,
			);
		};
/* End PBXProject section */

/* Begin PBXResourcesBuildPhase section */
		B6489B8D1EB1FCCF00836060 /* Resources */ = {
			isa = PBXResourcesBuildPhase;
			buildActionMask = 2147483647;
			files = (
				B6268D841EB361EE00BA094D /* Configuracion.plist in Resources */,
				B6489B9D1EB1FCCF00836060 /* LaunchScreen.storyboard in Resources */,
				B632FC7C1EB86EC6008FA8DC /* PDF in Resources */,
				B6489B9A1EB1FCCF00836060 /* Assets.xcassets in Resources */,
				B6489B981EB1FCCF00836060 /* Main.storyboard in Resources */,
			);
			runOnlyForDeploymentPostprocessing = 0;
		};
/* End PBXResourcesBuildPhase section */

/* Begin PBXSourcesBuildPhase section */
		B6489B8B1EB1FCCF00836060 /* Sources */ = {
			isa = PBXSourcesBuildPhase;
			buildActionMask = 2147483647;
			files = (
				D27B7D1A1EB4914400E4EE9F /* Reserva.swift in Sources */,
				B632FC7A1EB86AC7008FA8DC /* VCverPDF.swift in Sources */,
				B6489B951EB1FCCF00836060 /* ViewController.swift in Sources */,
				B6489BAB1EB1FDF500836060 /* VCFormularioReserva.swift in Sources */,
				B6489BA91EB1FDD400836060 /* VCReservaDetalle.swift in Sources */,
				B6489B931EB1FCCF00836060 /* AppDelegate.swift in Sources */,
				B6489BA51EB1FD6800836060 /* TVCMisReservas.swift in Sources */,
				B6489BA71EB1FD9800836060 /* TVCCatalogo.swift in Sources */,
				D27B7D1C1EB4B32500E4EE9F /* Artwork.swift in Sources */,
				B6268D801EB31BD400BA094D /* Hotel.swift in Sources */,
			);
			runOnlyForDeploymentPostprocessing = 0;
		};
/* End PBXSourcesBuildPhase section */

/* Begin PBXVariantGroup section */
		B6489B961EB1FCCF00836060 /* Main.storyboard */ = {
			isa = PBXVariantGroup;
			children = (
				B6489B971EB1FCCF00836060 /* Base */,
			);
			name = Main.storyboard;
			sourceTree = "<group>";
		};
		B6489B9B1EB1FCCF00836060 /* LaunchScreen.storyboard */ = {
			isa = PBXVariantGroup;
			children = (
				B6489B9C1EB1FCCF00836060 /* Base */,
			);
			name = LaunchScreen.storyboard;
			sourceTree = "<group>";
		};
/* End PBXVariantGroup section */

/* Begin XCBuildConfiguration section */
		B6489B9F1EB1FCCF00836060 /* Debug */ = {
			isa = XCBuildConfiguration;
			buildSettings = {
				ALWAYS_SEARCH_USER_PATHS = NO;
				CLANG_ANALYZER_NONNULL = YES;
				CLANG_CXX_LANGUAGE_STANDARD = "gnu++0x";
				CLANG_CXX_LIBRARY = "libc++";
				CLANG_ENABLE_MODULES = YES;
				CLANG_ENABLE_OBJC_ARC = YES;
				CLANG_WARN_BOOL_CONVERSION = YES;
				CLANG_WARN_CONSTANT_CONVERSION = YES;
				CLANG_WARN_DIRECT_OBJC_ISA_USAGE = YES_ERROR;
				CLANG_WARN_DOCUMENTATION_COMMENTS = YES;
				CLANG_WARN_EMPTY_BODY = YES;
				CLANG_WARN_ENUM_CONVERSION = YES;
				CLANG_WARN_INFINITE_RECURSION = YES;
				CLANG_WARN_INT_CONVERSION = YES;
				CLANG_WARN_OBJC_ROOT_CLASS = YES_ERROR;
				CLANG_WARN_SUSPICIOUS_MOVE = YES;
				CLANG_WARN_UNREACHABLE_CODE = YES;
				CLANG_WARN__DUPLICATE_METHOD_MATCH = YES;
				"CODE_SIGN_IDENTITY[sdk=iphoneos*]" = "iPhone Developer";
				COPY_PHASE_STRIP = NO;
				DEBUG_INFORMATION_FORMAT = dwarf;
				ENABLE_STRICT_OBJC_MSGSEND = YES;
				ENABLE_TESTABILITY = YES;
				GCC_C_LANGUAGE_STANDARD = gnu99;
				GCC_DYNAMIC_NO_PIC = NO;
				GCC_NO_COMMON_BLOCKS = YES;
				GCC_OPTIMIZATION_LEVEL = 0;
				GCC_PREPROCESSOR_DEFINITIONS = (
					"DEBUG=1",
					"$(inherited)",
				);
				GCC_WARN_64_TO_32_BIT_CONVERSION = YES;
				GCC_WARN_ABOUT_RETURN_TYPE = YES_ERROR;
				GCC_WARN_UNDECLARED_SELECTOR = YES;
				GCC_WARN_UNINITIALIZED_AUTOS = YES_AGGRESSIVE;
				GCC_WARN_UNUSED_FUNCTION = YES;
				GCC_WARN_UNUSED_VARIABLE = YES;
				IPHONEOS_DEPLOYMENT_TARGET = 10.2;
				MTL_ENABLE_DEBUG_INFO = YES;
				ONLY_ACTIVE_ARCH = YES;
				SDKROOT = iphoneos;
				SWIFT_ACTIVE_COMPILATION_CONDITIONS = DEBUG;
				SWIFT_OPTIMIZATION_LEVEL = "-Onone";
				TARGETED_DEVICE_FAMILY = "1,2";
			};
			name = Debug;
		};
		B6489BA01EB1FCCF00836060 /* Release */ = {
			isa = XCBuildConfiguration;
			buildSettings = {
				ALWAYS_SEARCH_USER_PATHS = NO;
				CLANG_ANALYZER_NONNULL = YES;
				CLANG_CXX_LANGUAGE_STANDARD = "gnu++0x";
				CLANG_CXX_LIBRARY = "libc++";
				CLANG_ENABLE_MODULES = YES;
				CLANG_ENABLE_OBJC_ARC = YES;
				CLANG_WARN_BOOL_CONVERSION = YES;
				CLANG_WARN_CONSTANT_CONVERSION = YES;
				CLANG_WARN_DIRECT_OBJC_ISA_USAGE = YES_ERROR;
				CLANG_WARN_DOCUMENTATION_COMMENTS = YES;
				CLANG_WARN_EMPTY_BODY = YES;
				CLANG_WARN_ENUM_CONVERSION = YES;
				CLANG_WARN_INFINITE_RECURSION = YES;
				CLANG_WARN_INT_CONVERSION = YES;
				CLANG_WARN_OBJC_ROOT_CLASS = YES_ERROR;
				CLANG_WARN_SUSPICIOUS_MOVE = YES;
				CLANG_WARN_UNREACHABLE_CODE = YES;
				CLANG_WARN__DUPLICATE_METHOD_MATCH = YES;
				"CODE_SIGN_IDENTITY[sdk=iphoneos*]" = "iPhone Developer";
				COPY_PHASE_STRIP = NO;
				DEBUG_INFORMATION_FORMAT = "dwarf-with-dsym";
				ENABLE_NS_ASSERTIONS = NO;
				ENABLE_STRICT_OBJC_MSGSEND = YES;
				GCC_C_LANGUAGE_STANDARD = gnu99;
				GCC_NO_COMMON_BLOCKS = YES;
				GCC_WARN_64_TO_32_BIT_CONVERSION = YES;
				GCC_WARN_ABOUT_RETURN_TYPE = YES_ERROR;
				GCC_WARN_UNDECLARED_SELECTOR = YES;
				GCC_WARN_UNINITIALIZED_AUTOS = YES_AGGRESSIVE;
				GCC_WARN_UNUSED_FUNCTION = YES;
				GCC_WARN_UNUSED_VARIABLE = YES;
				IPHONEOS_DEPLOYMENT_TARGET = 10.2;
				MTL_ENABLE_DEBUG_INFO = NO;
				SDKROOT = iphoneos;
				SWIFT_OPTIMIZATION_LEVEL = "-Owholemodule";
				TARGETED_DEVICE_FAMILY = "1,2";
				VALIDATE_PRODUCT = YES;
			};
			name = Release;
		};
		B6489BA21EB1FCCF00836060 /* Debug */ = {
			isa = XCBuildConfiguration;
			buildSettings = {
				ASSETCATALOG_COMPILER_APPICON_NAME = AppIcon;
				INFOPLIST_FILE = MiniBooking/Info.plist;
				LD_RUNPATH_SEARCH_PATHS = "$(inherited) @executable_path/Frameworks";
				PRODUCT_BUNDLE_IDENTIFIER = com.edu.MiniBooking;
				PRODUCT_NAME = "$(TARGET_NAME)";
				SWIFT_VERSION = 3.0;
			};
			name = Debug;
		};
		B6489BA31EB1FCCF00836060 /* Release */ = {
			isa = XCBuildConfiguration;
			buildSettings = {
				ASSETCATALOG_COMPILER_APPICON_NAME = AppIcon;
				INFOPLIST_FILE = MiniBooking/Info.plist;
				LD_RUNPATH_SEARCH_PATHS = "$(inherited) @executable_path/Frameworks";
				PRODUCT_BUNDLE_IDENTIFIER = com.edu.MiniBooking;
				PRODUCT_NAME = "$(TARGET_NAME)";
				SWIFT_VERSION = 3.0;
			};
			name = Release;
		};
/* End XCBuildConfiguration section */

/* Begin XCConfigurationList section */
		B6489B8A1EB1FCCF00836060 /* Build configuration list for PBXProject "MiniBooking" */ = {
			isa = XCConfigurationList;
			buildConfigurations = (
				B6489B9F1EB1FCCF00836060 /* Debug */,
				B6489BA01EB1FCCF00836060 /* Release */,
			);
			defaultConfigurationIsVisible = 0;
			defaultConfigurationName = Release;
		};
		B6489BA11EB1FCCF00836060 /* Build configuration list for PBXNativeTarget "MiniBooking" */ = {
			isa = XCConfigurationList;
			buildConfigurations = (
				B6489BA21EB1FCCF00836060 /* Debug */,
				B6489BA31EB1FCCF00836060 /* Release */,
			);
			defaultConfigurationIsVisible = 0;
			defaultConfigurationName = Release;
		};
/* End XCConfigurationList section */
	};
	rootObject = B6489B871EB1FCCF00836060 /* Project object */;
}
